// !$*UTF8*$!
{
	archiveVersion = 1;
	classes = {
	};
	objectVersion = 50;
	objects = {

/* Begin PBXBuildFile section */
		C606777F25D21B170002C2BF /* tileset.png in CopyFiles */ = {isa = PBXBuildFile; fileRef = C606777E25D21B0C0002C2BF /* tileset.png */; };
		C60F06A725671AE000E06074 /* Map.cpp in Sources */ = {isa = PBXBuildFile; fileRef = C60F06A525671AE000E06074 /* Map.cpp */; };
		C627B5E2256892C50056E08D /* platformPack_tile059.png in CopyFiles */ = {isa = PBXBuildFile; fileRef = C627B5E1256892C30056E08D /* platformPack_tile059.png */; };
		C6342988256B54AE00B6D864 /* dooblydoo.mp3 in CopyFiles */ = {isa = PBXBuildFile; fileRef = C6342987256B54A700B6D864 /* dooblydoo.mp3 */; };
		C634298C256B54FF00B6D864 /* bounce.wav in CopyFiles */ = {isa = PBXBuildFile; fileRef = C6342989256B54E300B6D864 /* bounce.wav */; };
		C63A89BD25366B060083C5CB /* george_0.png in CopyFiles */ = {isa = PBXBuildFile; fileRef = C63A89BC25366AEB0083C5CB /* george_0.png */; };
		C63A89C02537F5BE0083C5CB /* Entity.cpp in Sources */ = {isa = PBXBuildFile; fileRef = C63A89BE2537F5BE0083C5CB /* Entity.cpp */; };
		C6AC50C32568B3CA00C2AD25 /* Level3.cpp in Sources */ = {isa = PBXBuildFile; fileRef = C6AC50C12568B3CA00C2AD25 /* Level3.cpp */; };
		C6AC50C72568BB8A00C2AD25 /* pixel_font.png in CopyFiles */ = {isa = PBXBuildFile; fileRef = C6AC50C62568BB8400C2AD25 /* pixel_font.png */; };
		C6AC50C92568C9C100C2AD25 /* monster.png in CopyFiles */ = {isa = PBXBuildFile; fileRef = C6AC50C82568C9BE00C2AD25 /* monster.png */; };
		C6E4A95325685B0E004F383D /* Util.cpp in Sources */ = {isa = PBXBuildFile; fileRef = C6E4A95125685B0E004F383D /* Util.cpp */; };
		C6E4A95625685CC9004F383D /* Scene.cpp in Sources */ = {isa = PBXBuildFile; fileRef = C6E4A95425685CC9004F383D /* Scene.cpp */; };
		C6E4A95925685E0A004F383D /* Level1.cpp in Sources */ = {isa = PBXBuildFile; fileRef = C6E4A95725685E0A004F383D /* Level1.cpp */; };
		C6E4A95C256860F1004F383D /* Level2.cpp in Sources */ = {isa = PBXBuildFile; fileRef = C6E4A95A256860F1004F383D /* Level2.cpp */; };
		C6E4A95F25687BDD004F383D /* Level0.cpp in Sources */ = {isa = PBXBuildFile; fileRef = C6E4A95D25687BDD004F383D /* Level0.cpp */; };
		DBDF1B532323DE3F007CECB1 /* main.cpp in Sources */ = {isa = PBXBuildFile; fileRef = DBDF1B522323DE3F007CECB1 /* main.cpp */; };
		DBDF1B5E2323DE8D007CECB1 /* ShaderProgram.cpp in Sources */ = {isa = PBXBuildFile; fileRef = DBDF1B5D2323DE8D007CECB1 /* ShaderProgram.cpp */; };
		DBDF1B612323DE9E007CECB1 /* shaders in CopyFiles */ = {isa = PBXBuildFile; fileRef = DBDF1B5C2323DE8D007CECB1 /* shaders */; };
		DBDF1B632323DEDA007CECB1 /* OpenGL.framework in Frameworks */ = {isa = PBXBuildFile; fileRef = DBDF1B622323DEDA007CECB1 /* OpenGL.framework */; };
		DBDF1B652323DEDF007CECB1 /* Cocoa.framework in Frameworks */ = {isa = PBXBuildFile; fileRef = DBDF1B642323DEDF007CECB1 /* Cocoa.framework */; };
		DBDF1B692323DEEA007CECB1 /* SDL2.framework in Frameworks */ = {isa = PBXBuildFile; fileRef = DBDF1B662323DEEA007CECB1 /* SDL2.framework */; };
		DBDF1B6A2323DEEA007CECB1 /* SDL2_image.framework in Frameworks */ = {isa = PBXBuildFile; fileRef = DBDF1B672323DEEA007CECB1 /* SDL2_image.framework */; };
		DBDF1B6B2323DEEA007CECB1 /* SDL2_mixer.framework in Frameworks */ = {isa = PBXBuildFile; fileRef = DBDF1B682323DEEA007CECB1 /* SDL2_mixer.framework */; };
/* End PBXBuildFile section */

/* Begin PBXCopyFilesBuildPhase section */
		DBDF1B4D2323DE3F007CECB1 /* CopyFiles */ = {
			isa = PBXCopyFilesBuildPhase;
			buildActionMask = 12;
			dstPath = "";
			dstSubfolderSpec = 6;
			files = (
				DBDF1B612323DE9E007CECB1 /* shaders in CopyFiles */,
				C6342988256B54AE00B6D864 /* dooblydoo.mp3 in CopyFiles */,
				C634298C256B54FF00B6D864 /* bounce.wav in CopyFiles */,
				C6AC50C92568C9C100C2AD25 /* monster.png in CopyFiles */,
				C606777F25D21B170002C2BF /* tileset.png in CopyFiles */,
				C627B5E2256892C50056E08D /* platformPack_tile059.png in CopyFiles */,
				C6AC50C72568BB8A00C2AD25 /* pixel_font.png in CopyFiles */,
				C63A89BD25366B060083C5CB /* george_0.png in CopyFiles */,
			);
			runOnlyForDeploymentPostprocessing = 0;
		};
/* End PBXCopyFilesBuildPhase section */

/* Begin PBXFileReference section */
		C606777E25D21B0C0002C2BF /* tileset.png */ = {isa = PBXFileReference; lastKnownFileType = image.png; path = tileset.png; sourceTree = "<group>"; };
		C60F06A525671AE000E06074 /* Map.cpp */ = {isa = PBXFileReference; lastKnownFileType = sourcecode.cpp.cpp; path = Map.cpp; sourceTree = "<group>"; };
		C60F06A625671AE000E06074 /* Map.h */ = {isa = PBXFileReference; lastKnownFileType = sourcecode.c.h; path = Map.h; sourceTree = "<group>"; };
		C627B5E1256892C30056E08D /* platformPack_tile059.png */ = {isa = PBXFileReference; lastKnownFileType = image.png; path = platformPack_tile059.png; sourceTree = "<group>"; };
		C6342987256B54A700B6D864 /* dooblydoo.mp3 */ = {isa = PBXFileReference; lastKnownFileType = audio.mp3; path = dooblydoo.mp3; sourceTree = "<group>"; };
		C6342989256B54E300B6D864 /* bounce.wav */ = {isa = PBXFileReference; lastKnownFileType = audio.wav; path = bounce.wav; sourceTree = "<group>"; };
		C63A89BC25366AEB0083C5CB /* george_0.png */ = {isa = PBXFileReference; lastKnownFileType = image.png; path = george_0.png; sourceTree = "<group>"; };
		C63A89BE2537F5BE0083C5CB /* Entity.cpp */ = {isa = PBXFileReference; lastKnownFileType = sourcecode.cpp.cpp; path = Entity.cpp; sourceTree = "<group>"; };
		C63A89BF2537F5BE0083C5CB /* Entity.h */ = {isa = PBXFileReference; lastKnownFileType = sourcecode.c.h; path = Entity.h; sourceTree = "<group>"; };
		C6AC50C12568B3CA00C2AD25 /* Level3.cpp */ = {isa = PBXFileReference; lastKnownFileType = sourcecode.cpp.cpp; path = Level3.cpp; sourceTree = "<group>"; };
		C6AC50C22568B3CA00C2AD25 /* Level3.h */ = {isa = PBXFileReference; lastKnownFileType = sourcecode.c.h; path = Level3.h; sourceTree = "<group>"; };
		C6AC50C62568BB8400C2AD25 /* pixel_font.png */ = {isa = PBXFileReference; lastKnownFileType = image.png; path = pixel_font.png; sourceTree = "<group>"; };
		C6AC50C82568C9BE00C2AD25 /* monster.png */ = {isa = PBXFileReference; lastKnownFileType = image.png; path = monster.png; sourceTree = "<group>"; };
		C6E4A95125685B0E004F383D /* Util.cpp */ = {isa = PBXFileReference; lastKnownFileType = sourcecode.cpp.cpp; path = Util.cpp; sourceTree = "<group>"; };
		C6E4A95225685B0E004F383D /* Util.h */ = {isa = PBXFileReference; lastKnownFileType = sourcecode.c.h; path = Util.h; sourceTree = "<group>"; };
		C6E4A95425685CC9004F383D /* Scene.cpp */ = {isa = PBXFileReference; lastKnownFileType = sourcecode.cpp.cpp; path = Scene.cpp; sourceTree = "<group>"; };
		C6E4A95525685CC9004F383D /* Scene.h */ = {isa = PBXFileReference; lastKnownFileType = sourcecode.c.h; path = Scene.h; sourceTree = "<group>"; };
		C6E4A95725685E0A004F383D /* Level1.cpp */ = {isa = PBXFileReference; lastKnownFileType = sourcecode.cpp.cpp; path = Level1.cpp; sourceTree = "<group>"; };
		C6E4A95825685E0A004F383D /* Level1.h */ = {isa = PBXFileReference; lastKnownFileType = sourcecode.c.h; path = Level1.h; sourceTree = "<group>"; };
		C6E4A95A256860F1004F383D /* Level2.cpp */ = {isa = PBXFileReference; lastKnownFileType = sourcecode.cpp.cpp; path = Level2.cpp; sourceTree = "<group>"; };
		C6E4A95B256860F1004F383D /* Level2.h */ = {isa = PBXFileReference; lastKnownFileType = sourcecode.c.h; path = Level2.h; sourceTree = "<group>"; };
		C6E4A95D25687BDD004F383D /* Level0.cpp */ = {isa = PBXFileReference; lastKnownFileType = sourcecode.cpp.cpp; path = Level0.cpp; sourceTree = "<group>"; };
		C6E4A95E25687BDD004F383D /* Level0.h */ = {isa = PBXFileReference; lastKnownFileType = sourcecode.c.h; path = Level0.h; sourceTree = "<group>"; };
		DBDF1B4F2323DE3F007CECB1 /* SDLProject */ = {isa = PBXFileReference; explicitFileType = "compiled.mach-o.executable"; includeInIndex = 0; path = SDLProject; sourceTree = BUILT_PRODUCTS_DIR; };
		DBDF1B522323DE3F007CECB1 /* main.cpp */ = {isa = PBXFileReference; lastKnownFileType = sourcecode.cpp.cpp; path = main.cpp; sourceTree = "<group>"; };
		DBDF1B592323DE8D007CECB1 /* ShaderProgram.h */ = {isa = PBXFileReference; fileEncoding = 4; lastKnownFileType = sourcecode.c.h; path = ShaderProgram.h; sourceTree = "<group>"; };
		DBDF1B5A2323DE8D007CECB1 /* stb_image.h */ = {isa = PBXFileReference; fileEncoding = 4; lastKnownFileType = sourcecode.c.h; path = stb_image.h; sourceTree = "<group>"; };
		DBDF1B5B2323DE8D007CECB1 /* glm */ = {isa = PBXFileReference; lastKnownFileType = folder; path = glm; sourceTree = "<group>"; };
		DBDF1B5C2323DE8D007CECB1 /* shaders */ = {isa = PBXFileReference; lastKnownFileType = folder; path = shaders; sourceTree = "<group>"; };
		DBDF1B5D2323DE8D007CECB1 /* ShaderProgram.cpp */ = {isa = PBXFileReference; fileEncoding = 4; lastKnownFileType = sourcecode.cpp.cpp; path = ShaderProgram.cpp; sourceTree = "<group>"; };
		DBDF1B622323DEDA007CECB1 /* OpenGL.framework */ = {isa = PBXFileReference; lastKnownFileType = wrapper.framework; name = OpenGL.framework; path = System/Library/Frameworks/OpenGL.framework; sourceTree = SDKROOT; };
		DBDF1B642323DEDF007CECB1 /* Cocoa.framework */ = {isa = PBXFileReference; lastKnownFileType = wrapper.framework; name = Cocoa.framework; path = System/Library/Frameworks/Cocoa.framework; sourceTree = SDKROOT; };
		DBDF1B662323DEEA007CECB1 /* SDL2.framework */ = {isa = PBXFileReference; lastKnownFileType = wrapper.framework; name = SDL2.framework; path = ../../../../../Library/Frameworks/SDL2.framework; sourceTree = "<group>"; };
		DBDF1B672323DEEA007CECB1 /* SDL2_image.framework */ = {isa = PBXFileReference; lastKnownFileType = wrapper.framework; name = SDL2_image.framework; path = ../../../../../Library/Frameworks/SDL2_image.framework; sourceTree = "<group>"; };
		DBDF1B682323DEEA007CECB1 /* SDL2_mixer.framework */ = {isa = PBXFileReference; lastKnownFileType = wrapper.framework; name = SDL2_mixer.framework; path = ../../../../../Library/Frameworks/SDL2_mixer.framework; sourceTree = "<group>"; };
/* End PBXFileReference section */

/* Begin PBXFrameworksBuildPhase section */
		DBDF1B4C2323DE3F007CECB1 /* Frameworks */ = {
			isa = PBXFrameworksBuildPhase;
			buildActionMask = 2147483647;
			files = (
				DBDF1B692323DEEA007CECB1 /* SDL2.framework in Frameworks */,
				DBDF1B6A2323DEEA007CECB1 /* SDL2_image.framework in Frameworks */,
				DBDF1B6B2323DEEA007CECB1 /* SDL2_mixer.framework in Frameworks */,
				DBDF1B652323DEDF007CECB1 /* Cocoa.framework in Frameworks */,
				DBDF1B632323DEDA007CECB1 /* OpenGL.framework in Frameworks */,
			);
			runOnlyForDeploymentPostprocessing = 0;
		};
/* End PBXFrameworksBuildPhase section */

/* Begin PBXGroup section */
		DBDF1B462323DE3F007CECB1 = {
			isa = PBXGroup;
			children = (
				DBDF1B512323DE3F007CECB1 /* SDLProject */,
				DBDF1B502323DE3F007CECB1 /* Products */,
				DBDF1B5F2323DE92007CECB1 /* Frameworks */,
			);
			sourceTree = "<group>";
		};
		DBDF1B502323DE3F007CECB1 /* Products */ = {
			isa = PBXGroup;
			children = (
				DBDF1B4F2323DE3F007CECB1 /* SDLProject */,
			);
			name = Products;
			sourceTree = "<group>";
		};
		DBDF1B512323DE3F007CECB1 /* SDLProject */ = {
			isa = PBXGroup;
			children = (
				C6342987256B54A700B6D864 /* dooblydoo.mp3 */,
				C627B5E1256892C30056E08D /* platformPack_tile059.png */,
				C606777E25D21B0C0002C2BF /* tileset.png */,
				C6342989256B54E300B6D864 /* bounce.wav */,
				C6AC50C82568C9BE00C2AD25 /* monster.png */,
				C6AC50C62568BB8400C2AD25 /* pixel_font.png */,
				C63A89BC25366AEB0083C5CB /* george_0.png */,
				DBDF1B5B2323DE8D007CECB1 /* glm */,
				DBDF1B5D2323DE8D007CECB1 /* ShaderProgram.cpp */,
				DBDF1B592323DE8D007CECB1 /* ShaderProgram.h */,
				DBDF1B5C2323DE8D007CECB1 /* shaders */,
				DBDF1B5A2323DE8D007CECB1 /* stb_image.h */,
				DBDF1B522323DE3F007CECB1 /* main.cpp */,
				C63A89BE2537F5BE0083C5CB /* Entity.cpp */,
				C63A89BF2537F5BE0083C5CB /* Entity.h */,
				C60F06A525671AE000E06074 /* Map.cpp */,
				C60F06A625671AE000E06074 /* Map.h */,
				C6E4A95125685B0E004F383D /* Util.cpp */,
				C6E4A95225685B0E004F383D /* Util.h */,
				C6E4A95425685CC9004F383D /* Scene.cpp */,
				C6E4A95525685CC9004F383D /* Scene.h */,
				C6E4A95725685E0A004F383D /* Level1.cpp */,
				C6E4A95825685E0A004F383D /* Level1.h */,
				C6E4A95A256860F1004F383D /* Level2.cpp */,
				C6E4A95B256860F1004F383D /* Level2.h */,
				C6E4A95D25687BDD004F383D /* Level0.cpp */,
				C6E4A95E25687BDD004F383D /* Level0.h */,
				C6AC50C12568B3CA00C2AD25 /* Level3.cpp */,
				C6AC50C22568B3CA00C2AD25 /* Level3.h */,
			);
			path = SDLProject;
			sourceTree = "<group>";
		};
		DBDF1B5F2323DE92007CECB1 /* Frameworks */ = {
			isa = PBXGroup;
			children = (
				DBDF1B672323DEEA007CECB1 /* SDL2_image.framework */,
				DBDF1B682323DEEA007CECB1 /* SDL2_mixer.framework */,
				DBDF1B662323DEEA007CECB1 /* SDL2.framework */,
				DBDF1B642323DEDF007CECB1 /* Cocoa.framework */,
				DBDF1B622323DEDA007CECB1 /* OpenGL.framework */,
			);
			name = Frameworks;
			sourceTree = "<group>";
		};
/* End PBXGroup section */

/* Begin PBXNativeTarget section */
		DBDF1B4E2323DE3F007CECB1 /* SDLProject */ = {
			isa = PBXNativeTarget;
			buildConfigurationList = DBDF1B562323DE3F007CECB1 /* Build configuration list for PBXNativeTarget "SDLProject" */;
			buildPhases = (
				DBDF1B4B2323DE3F007CECB1 /* Sources */,
				DBDF1B4C2323DE3F007CECB1 /* Frameworks */,
				DBDF1B4D2323DE3F007CECB1 /* CopyFiles */,
			);
			buildRules = (
			);
			dependencies = (
			);
			name = SDLProject;
			productName = SDLProject;
			productReference = DBDF1B4F2323DE3F007CECB1 /* SDLProject */;
			productType = "com.apple.product-type.tool";
		};
/* End PBXNativeTarget section */

/* Begin PBXProject section */
		DBDF1B472323DE3F007CECB1 /* Project object */ = {
			isa = PBXProject;
			attributes = {
				LastUpgradeCheck = 1030;
				ORGANIZATIONNAME = ctg;
				TargetAttributes = {
					DBDF1B4E2323DE3F007CECB1 = {
						CreatedOnToolsVersion = 10.3;
					};
				};
			};
			buildConfigurationList = DBDF1B4A2323DE3F007CECB1 /* Build configuration list for PBXProject "SDLProject" */;
			compatibilityVersion = "Xcode 9.3";
			developmentRegion = en;
			hasScannedForEncodings = 0;
			knownRegions = (
				en,
			);
			mainGroup = DBDF1B462323DE3F007CECB1;
			productRefGroup = DBDF1B502323DE3F007CECB1 /* Products */;
			projectDirPath = "";
			projectRoot = "";
			targets = (
				DBDF1B4E2323DE3F007CECB1 /* SDLProject */,
			);
		};
/* End PBXProject section */

/* Begin PBXSourcesBuildPhase section */
		DBDF1B4B2323DE3F007CECB1 /* Sources */ = {
			isa = PBXSourcesBuildPhase;
			buildActionMask = 2147483647;
			files = (
				C6E4A95625685CC9004F383D /* Scene.cpp in Sources */,
				DBDF1B532323DE3F007CECB1 /* main.cpp in Sources */,
				C63A89C02537F5BE0083C5CB /* Entity.cpp in Sources */,
				C60F06A725671AE000E06074 /* Map.cpp in Sources */,
				C6AC50C32568B3CA00C2AD25 /* Level3.cpp in Sources */,
				DBDF1B5E2323DE8D007CECB1 /* ShaderProgram.cpp in Sources */,
				C6E4A95C256860F1004F383D /* Level2.cpp in Sources */,
				C6E4A95F25687BDD004F383D /* Level0.cpp in Sources */,
				C6E4A95325685B0E004F383D /* Util.cpp in Sources */,
				C6E4A95925685E0A004F383D /* Level1.cpp in Sources */,
			);
			runOnlyForDeploymentPostprocessing = 0;
		};
/* End PBXSourcesBuildPhase section */

/* Begin XCBuildConfiguration section */
		DBDF1B542323DE3F007CECB1 /* Debug */ = {
			isa = XCBuildConfiguration;
			buildSettings = {
				ALWAYS_SEARCH_USER_PATHS = NO;
				CLANG_ANALYZER_NONNULL = YES;
				CLANG_ANALYZER_NUMBER_OBJECT_CONVERSION = YES_AGGRESSIVE;
				CLANG_CXX_LANGUAGE_STANDARD = "gnu++14";
				CLANG_CXX_LIBRARY = "libc++";
				CLANG_ENABLE_MODULES = YES;
				CLANG_ENABLE_OBJC_ARC = YES;
				CLANG_ENABLE_OBJC_WEAK = YES;
				CLANG_WARN_BLOCK_CAPTURE_AUTORELEASING = YES;
				CLANG_WARN_BOOL_CONVERSION = YES;
				CLANG_WARN_COMMA = YES;
				CLANG_WARN_CONSTANT_CONVERSION = YES;
				CLANG_WARN_DEPRECATED_OBJC_IMPLEMENTATIONS = YES;
				CLANG_WARN_DIRECT_OBJC_ISA_USAGE = YES_ERROR;
				CLANG_WARN_DOCUMENTATION_COMMENTS = YES;
				CLANG_WARN_EMPTY_BODY = YES;
				CLANG_WARN_ENUM_CONVERSION = YES;
				CLANG_WARN_INFINITE_RECURSION = YES;
				CLANG_WARN_INT_CONVERSION = YES;
				CLANG_WARN_NON_LITERAL_NULL_CONVERSION = YES;
				CLANG_WARN_OBJC_IMPLICIT_RETAIN_SELF = YES;
				CLANG_WARN_OBJC_LITERAL_CONVERSION = YES;
				CLANG_WARN_OBJC_ROOT_CLASS = YES_ERROR;
				CLANG_WARN_RANGE_LOOP_ANALYSIS = YES;
				CLANG_WARN_STRICT_PROTOTYPES = YES;
				CLANG_WARN_SUSPICIOUS_MOVE = YES;
				CLANG_WARN_UNGUARDED_AVAILABILITY = YES_AGGRESSIVE;
				CLANG_WARN_UNREACHABLE_CODE = YES;
				CLANG_WARN__DUPLICATE_METHOD_MATCH = YES;
				CODE_SIGN_IDENTITY = "-";
				COPY_PHASE_STRIP = NO;
				DEBUG_INFORMATION_FORMAT = dwarf;
				ENABLE_STRICT_OBJC_MSGSEND = YES;
				ENABLE_TESTABILITY = YES;
				GCC_C_LANGUAGE_STANDARD = gnu11;
				GCC_DYNAMIC_NO_PIC = NO;
				GCC_NO_COMMON_BLOCKS = YES;
				GCC_OPTIMIZATION_LEVEL = 0;
				GCC_PREPROCESSOR_DEFINITIONS = (
					"DEBUG=1",
					"$(inherited)",
				);
				GCC_WARN_64_TO_32_BIT_CONVERSION = YES;
				GCC_WARN_ABOUT_RETURN_TYPE = YES_ERROR;
				GCC_WARN_UNDECLARED_SELECTOR = YES;
				GCC_WARN_UNINITIALIZED_AUTOS = YES_AGGRESSIVE;
				GCC_WARN_UNUSED_FUNCTION = YES;
				GCC_WARN_UNUSED_VARIABLE = YES;
				MACOSX_DEPLOYMENT_TARGET = 10.14;
				MTL_ENABLE_DEBUG_INFO = INCLUDE_SOURCE;
				MTL_FAST_MATH = YES;
				ONLY_ACTIVE_ARCH = YES;
				SDKROOT = macosx;
			};
			name = Debug;
		};
		DBDF1B552323DE3F007CECB1 /* Release */ = {
			isa = XCBuildConfiguration;
			buildSettings = {
				ALWAYS_SEARCH_USER_PATHS = NO;
				CLANG_ANALYZER_NONNULL = YES;
				CLANG_ANALYZER_NUMBER_OBJECT_CONVERSION = YES_AGGRESSIVE;
				CLANG_CXX_LANGUAGE_STANDARD = "gnu++14";
				CLANG_CXX_LIBRARY = "libc++";
				CLANG_ENABLE_MODULES = YES;
				CLANG_ENABLE_OBJC_ARC = YES;
				CLANG_ENABLE_OBJC_WEAK = YES;
				CLANG_WARN_BLOCK_CAPTURE_AUTORELEASING = YES;
				CLANG_WARN_BOOL_CONVERSION = YES;
				CLANG_WARN_COMMA = YES;
				CLANG_WARN_CONSTANT_CONVERSION = YES;
				CLANG_WARN_DEPRECATED_OBJC_IMPLEMENTATIONS = YES;
				CLANG_WARN_DIRECT_OBJC_ISA_USAGE = YES_ERROR;
				CLANG_WARN_DOCUMENTATION_COMMENTS = YES;
				CLANG_WARN_EMPTY_BODY = YES;
				CLANG_WARN_ENUM_CONVERSION = YES;
				CLANG_WARN_INFINITE_RECURSION = YES;
				CLANG_WARN_INT_CONVERSION = YES;
				CLANG_WARN_NON_LITERAL_NULL_CONVERSION = YES;
				CLANG_WARN_OBJC_IMPLICIT_RETAIN_SELF = YES;
				CLANG_WARN_OBJC_LITERAL_CONVERSION = YES;
				CLANG_WARN_OBJC_ROOT_CLASS = YES_ERROR;
				CLANG_WARN_RANGE_LOOP_ANALYSIS = YES;
				CLANG_WARN_STRICT_PROTOTYPES = YES;
				CLANG_WARN_SUSPICIOUS_MOVE = YES;
				CLANG_WARN_UNGUARDED_AVAILABILITY = YES_AGGRESSIVE;
				CLANG_WARN_UNREACHABLE_CODE = YES;
				CLANG_WARN__DUPLICATE_METHOD_MATCH = YES;
				CODE_SIGN_IDENTITY = "-";
				COPY_PHASE_STRIP = NO;
				DEBUG_INFORMATION_FORMAT = "dwarf-with-dsym";
				ENABLE_NS_ASSERTIONS = NO;
				ENABLE_STRICT_OBJC_MSGSEND = YES;
				GCC_C_LANGUAGE_STANDARD = gnu11;
				GCC_NO_COMMON_BLOCKS = YES;
				GCC_WARN_64_TO_32_BIT_CONVERSION = YES;
				GCC_WARN_ABOUT_RETURN_TYPE = YES_ERROR;
				GCC_WARN_UNDECLARED_SELECTOR = YES;
				GCC_WARN_UNINITIALIZED_AUTOS = YES_AGGRESSIVE;
				GCC_WARN_UNUSED_FUNCTION = YES;
				GCC_WARN_UNUSED_VARIABLE = YES;
				MACOSX_DEPLOYMENT_TARGET = 10.14;
				MTL_ENABLE_DEBUG_INFO = NO;
				MTL_FAST_MATH = YES;
				SDKROOT = macosx;
			};
			name = Release;
		};
		DBDF1B572323DE3F007CECB1 /* Debug */ = {
			isa = XCBuildConfiguration;
			buildSettings = {
				CODE_SIGN_STYLE = Automatic;
				FRAMEWORK_SEARCH_PATHS = (
					"$(inherited)",
					"$(LOCAL_LIBRARY_DIR)/Frameworks",
				);
				HEADER_SEARCH_PATHS = (
					/Library/Frameworks/SDL2_image.framework/Versions/A/Headers,
					/Library/Frameworks/SDL2.framework/Versions/A/Headers,
					/Library/Frameworks/SDL2_mixer.framework/Versions/A/Headers,
				);
				PRODUCT_NAME = "$(TARGET_NAME)";
			};
			name = Debug;
		};
		DBDF1B582323DE3F007CECB1 /* Release */ = {
			isa = XCBuildConfiguration;
			buildSettings = {
				CODE_SIGN_STYLE = Automatic;
				FRAMEWORK_SEARCH_PATHS = (
					"$(inherited)",
					"$(LOCAL_LIBRARY_DIR)/Frameworks",
				);
				HEADER_SEARCH_PATHS = (
					/Library/Frameworks/SDL2_image.framework/Versions/A/Headers,
					/Library/Frameworks/SDL2.framework/Versions/A/Headers,
					/Library/Frameworks/SDL2_mixer.framework/Versions/A/Headers,
				);
				PRODUCT_NAME = "$(TARGET_NAME)";
			};
			name = Release;
		};
/* End XCBuildConfiguration section */

/* Begin XCConfigurationList section */
		DBDF1B4A2323DE3F007CECB1 /* Build configuration list for PBXProject "SDLProject" */ = {
			isa = XCConfigurationList;
			buildConfigurations = (
				DBDF1B542323DE3F007CECB1 /* Debug */,
				DBDF1B552323DE3F007CECB1 /* Release */,
			);
			defaultConfigurationIsVisible = 0;
			defaultConfigurationName = Release;
		};
		DBDF1B562323DE3F007CECB1 /* Build configuration list for PBXNativeTarget "SDLProject" */ = {
			isa = XCConfigurationList;
			buildConfigurations = (
				DBDF1B572323DE3F007CECB1 /* Debug */,
				DBDF1B582323DE3F007CECB1 /* Release */,
			);
			defaultConfigurationIsVisible = 0;
			defaultConfigurationName = Release;
		};
/* End XCConfigurationList section */
	};
	rootObject = DBDF1B472323DE3F007CECB1 /* Project object */;
}
